
Microsoft Visual Studio Solution File, Format Version 11.00
# Visual C++ Express 2010
Project("{8BC9CEB8-8B4A-11D0-8D11-00A0C91BC942}") = "yas-base-test", "yas-base-test.vcxproj", "{0C8D387F-C4F8-438D-8C41-68630CF0BAB3}"
EndProject
Global
	GlobalSection(SolutionConfigurationPlatforms) = preSolution
		Debug|Win32 = Debug|Win32
		Release|Win32 = Release|Win32
	EndGlobalSection
	GlobalSection(ProjectConfigurationPlatforms) = postSolution
		{0C8D387F-C4F8-438D-8C41-68630CF0BAB3}.Debug|Win32.ActiveCfg = Debug|Win32
		{0C8D387F-C4F8-438D-8C41-68630CF0BAB3}.Debug|Win32.Build.0 = Debug|Win32
		{0C8D387F-C4F8-438D-8C41-68630CF0BAB3}.Release|Win32.ActiveCfg = Release|Win32
		{0C8D387F-C4F8-438D-8C41-68630CF0BAB3}.Release|Win32.Build.0 = Release|Win32
	EndGlobalSection
	GlobalSection(SolutionProperties) = preSolution
		HideSolutionNode = FALSE
	EndGlobalSection
EndGlobal
