
Microsoft Visual Studio Solution File, Format Version 12.00
# Visual Studio 2012
Project("{8BC9CEB8-8B4A-11D0-8D11-00A0C91BC942}") = "yas-speed-test", "yas-speed-test.vcxproj", "{F5814144-515C-476C-B875-E9CACB66D4C3}"
EndProject
Global
	GlobalSection(SolutionConfigurationPlatforms) = preSolution
		Debug|Win32 = Debug|Win32
		Release|Win32 = Release|Win32
	EndGlobalSection
	GlobalSection(ProjectConfigurationPlatforms) = postSolution
		{F5814144-515C-476C-B875-E9CACB66D4C3}.Debug|Win32.ActiveCfg = Debug|Win32
		{F5814144-515C-476C-B875-E9CACB66D4C3}.Debug|Win32.Build.0 = Debug|Win32
		{F5814144-515C-476C-B875-E9CACB66D4C3}.Release|Win32.ActiveCfg = Release|Win32
		{F5814144-515C-476C-B875-E9CACB66D4C3}.Release|Win32.Build.0 = Release|Win32
	EndGlobalSection
	GlobalSection(SolutionProperties) = preSolution
		HideSolutionNode = FALSE
	EndGlobalSection
EndGlobal
